
Microsoft Visual Studio Solution File, Format Version 12.00
# Visual Studio Version 17
VisualStudioVersion = 17.14.36221.1
MinimumVisualStudioVersion = 10.0.40219.1
Project("{FAE04EC0-301F-11D3-BF4B-00C04F79EFBC}") = "CoWorkHub.Api", "CoWorkHub.Api\CoWorkHub.Api.csproj", "{7F32DA21-CE80-4467-9311-2D8447146764}"
EndProject
Project("{FAE04EC0-301F-11D3-BF4B-00C04F79EFBC}") = "CoWorkHub.Model", "CoWorkHub.Model\CoWorkHub.Model.csproj", "{18EEF9AD-D631-4FD9-8FCA-A2D4DAD04663}"
EndProject
Project("{FAE04EC0-301F-11D3-BF4B-00C04F79EFBC}") = "CoWorkHub.Services", "CoWorkHub.Services\CoWorkHub.Services.csproj", "{38298DE3-275B-4371-AAA7-DCA6AC68FFF7}"
EndProject
Project("{FAE04EC0-301F-11D3-BF4B-00C04F79EFBC}") = "CoWorkHub.Subscriber", "CoWorkHub.Subscriber\CoWorkHub.Subscriber.csproj", "{D4A36F8E-D72D-4C84-9F56-D67C692499F7}"
EndProject
Global
	GlobalSection(SolutionConfigurationPlatforms) = preSolution
		Debug|Any CPU = Debug|Any CPU
		Release|Any CPU = Release|Any CPU
	EndGlobalSection
	GlobalSection(ProjectConfigurationPlatforms) = postSolution
		{7F32DA21-CE80-4467-9311-2D8447146764}.Debug|Any CPU.ActiveCfg = Debug|Any CPU
		{7F32DA21-CE80-4467-9311-2D8447146764}.Debug|Any CPU.Build.0 = Debug|Any CPU
		{7F32DA21-CE80-4467-9311-2D8447146764}.Release|Any CPU.ActiveCfg = Release|Any CPU
		{7F32DA21-CE80-4467-9311-2D8447146764}.Release|Any CPU.Build.0 = Release|Any CPU
		{18EEF9AD-D631-4FD9-8FCA-A2D4DAD04663}.Debug|Any CPU.ActiveCfg = Debug|Any CPU
		{18EEF9AD-D631-4FD9-8FCA-A2D4DAD04663}.Debug|Any CPU.Build.0 = Debug|Any CPU
		{18EEF9AD-D631-4FD9-8FCA-A2D4DAD04663}.Release|Any CPU.ActiveCfg = Release|Any CPU
		{18EEF9AD-D631-4FD9-8FCA-A2D4DAD04663}.Release|Any CPU.Build.0 = Release|Any CPU
		{38298DE3-275B-4371-AAA7-DCA6AC68FFF7}.Debug|Any CPU.ActiveCfg = Debug|Any CPU
		{38298DE3-275B-4371-AAA7-DCA6AC68FFF7}.Debug|Any CPU.Build.0 = Debug|Any CPU
		{38298DE3-275B-4371-AAA7-DCA6AC68FFF7}.Release|Any CPU.ActiveCfg = Release|Any CPU
		{38298DE3-275B-4371-AAA7-DCA6AC68FFF7}.Release|Any CPU.Build.0 = Release|Any CPU
		{D4A36F8E-D72D-4C84-9F56-D67C692499F7}.Debug|Any CPU.ActiveCfg = Debug|Any CPU
		{D4A36F8E-D72D-4C84-9F56-D67C692499F7}.Debug|Any CPU.Build.0 = Debug|Any CPU
		{D4A36F8E-D72D-4C84-9F56-D67C692499F7}.Release|Any CPU.ActiveCfg = Release|Any CPU
		{D4A36F8E-D72D-4C84-9F56-D67C692499F7}.Release|Any CPU.Build.0 = Release|Any CPU
	EndGlobalSection
	GlobalSection(SolutionProperties) = preSolution
		HideSolutionNode = FALSE
	EndGlobalSection
	GlobalSection(ExtensibilityGlobals) = postSolution
		SolutionGuid = {AB9D3A6B-B5BD-460F-BF86-7B9725DAF171}
	EndGlobalSection
EndGlobal
